
Microsoft Visual Studio Solution File, Format Version 12.00
# Visual Studio Version 16
VisualStudioVersion = 16.0.33927.289
MinimumVisualStudioVersion = 10.0.40219.1
Project("{2150E333-8FDC-42A3-9474-1A3956D46DE8}") = "Task0", "Task0", "{299F09D7-30F7-46B0-BA8A-B6A838AC6B2C}"
EndProject
Project("{FAE04EC0-301F-11D3-BF4B-00C04F79EFBC}") = "Tyuiu.ZakharovaYV.Sprint5.Task0.V9", "Tyuiu.ZakharovaYV.Sprint5.Task0.V9\Tyuiu.ZakharovaYV.Sprint5.Task0.V9.csproj", "{CE24D56A-B0C4-4FFD-BF86-2D707BEA9E90}"
EndProject
Project("{FAE04EC0-301F-11D3-BF4B-00C04F79EFBC}") = "Tyuiu.ZakharovaYV.Sprint5.Task0.V9.Test", "Tyuiu.ZakharovaYV.Sprint5.Task0.V9.Test\Tyuiu.ZakharovaYV.Sprint5.Task0.V9.Test.csproj", "{040C26AC-34DE-4E67-BADC-ADA5BF5B5D01}"
EndProject
Project("{FAE04EC0-301F-11D3-BF4B-00C04F79EFBC}") = "Tyuiu.ZakharovaYV.Sprint5.Task0.V9.Lib", "Tyuiu.ZakharovaYV.Sprint5.Task0.V9.Lib\Tyuiu.ZakharovaYV.Sprint5.Task0.V9.Lib.csproj", "{2BFB4F30-B678-45C1-A2D2-4E785FA696F5}"
EndProject
Project("{2150E333-8FDC-42A3-9474-1A3956D46DE8}") = "Task1", "Task1", "{713CD707-5BFD-4A27-A2DD-CA1547F106B2}"
EndProject
Project("{FAE04EC0-301F-11D3-BF4B-00C04F79EFBC}") = "Tyuiu.ZakharovaYV.Sprint5.Task1.V28", "Tyuiu.ZakharovaYV.Sprint5.Task1.V28\Tyuiu.ZakharovaYV.Sprint5.Task1.V28.csproj", "{A0CC71FE-3DB7-4446-A127-3F9E149CC1FF}"
EndProject
Project("{FAE04EC0-301F-11D3-BF4B-00C04F79EFBC}") = "Tyuiu.ZakharovaYV.Sprint5.Task1.V28.Test", "Tyuiu.ZakharovaYV.Sprint5.Task1.V28.Test\Tyuiu.ZakharovaYV.Sprint5.Task1.V28.Test.csproj", "{A6E6CCB7-A2CD-4194-860C-68C1D5EEC63E}"
EndProject
Project("{FAE04EC0-301F-11D3-BF4B-00C04F79EFBC}") = "Tyuiu.ZakharovaYV.Sprint5.Task1.V28.Lib", "Tyuiu.ZakharovaYV.Sprint5.Task1.V28.Lib\Tyuiu.ZakharovaYV.Sprint5.Task1.V28.Lib.csproj", "{242348C6-151D-47C8-9C25-655AF460E61C}"
EndProject
Project("{2150E333-8FDC-42A3-9474-1A3956D46DE8}") = "Task2", "Task2", "{5A681815-DEF3-47E8-8EAA-0EE5F4F8A5E9}"
EndProject
Project("{FAE04EC0-301F-11D3-BF4B-00C04F79EFBC}") = "Tyuiu.ZakharovaYV.Sprint5.Task2.V1", "Tyuiu.ZakharovaYV.Sprint5.Task2.V1\Tyuiu.ZakharovaYV.Sprint5.Task2.V1.csproj", "{1F9A370C-3F10-46B5-BB88-3625D5A893DB}"
EndProject
Project("{FAE04EC0-301F-11D3-BF4B-00C04F79EFBC}") = "Tyuiu.ZakharovaYV.Sprint5.Task2.V1.Test", "Tyuiu.ZakharovaYV.Sprint5.Task2.V1.Test\Tyuiu.ZakharovaYV.Sprint5.Task2.V1.Test.csproj", "{9EB88C6C-C5BB-4E3E-8324-0354D42A61E6}"
EndProject
Project("{FAE04EC0-301F-11D3-BF4B-00C04F79EFBC}") = "Tyuiu.ZakharovaYV.Sprint5.Task2.V1.Lib", "Tyuiu.ZakharovaYV.Sprint5.Task2.V1.Lib\Tyuiu.ZakharovaYV.Sprint5.Task2.V1.Lib.csproj", "{39EA96AB-B085-4F63-961B-7763BD4919D7}"
EndProject
Project("{2150E333-8FDC-42A3-9474-1A3956D46DE8}") = "Task3", "Task3", "{06468269-D81B-47C0-B8D8-46BFFFF27D58}"
EndProject
Project("{FAE04EC0-301F-11D3-BF4B-00C04F79EFBC}") = "Tyuiu.ZakharovaYV.Sprint5.Task3.V3", "Tyuiu.ZakharovaYV.Sprint5.Task3.V3\Tyuiu.ZakharovaYV.Sprint5.Task3.V3.csproj", "{FF11689E-5A78-4F0D-B545-66A17F92F775}"
EndProject
Project("{FAE04EC0-301F-11D3-BF4B-00C04F79EFBC}") = "Tyuiu.ZakharovaYV.Sprint5.Task3.V3.Test", "Tyuiu.ZakharovaYV.Sprint5.Task3.V3.Test\Tyuiu.ZakharovaYV.Sprint5.Task3.V3.Test.csproj", "{EB8271E6-9DFC-410E-A1AF-8D68511D4601}"
EndProject
Project("{FAE04EC0-301F-11D3-BF4B-00C04F79EFBC}") = "Tyuiu.ZakharovaYV.Sprint5.Task3.V3.Lib", "Tyuiu.ZakharovaYV.Sprint5.Task3.V3.Lib\Tyuiu.ZakharovaYV.Sprint5.Task3.V3.Lib.csproj", "{CC4C9435-9159-46AB-8918-5BF1F6609B22}"
EndProject
Global
	GlobalSection(SolutionConfigurationPlatforms) = preSolution
		Debug|Any CPU = Debug|Any CPU
		Release|Any CPU = Release|Any CPU
	EndGlobalSection
	GlobalSection(ProjectConfigurationPlatforms) = postSolution
		{CE24D56A-B0C4-4FFD-BF86-2D707BEA9E90}.Debug|Any CPU.ActiveCfg = Debug|Any CPU
		{CE24D56A-B0C4-4FFD-BF86-2D707BEA9E90}.Debug|Any CPU.Build.0 = Debug|Any CPU
		{CE24D56A-B0C4-4FFD-BF86-2D707BEA9E90}.Release|Any CPU.ActiveCfg = Release|Any CPU
		{CE24D56A-B0C4-4FFD-BF86-2D707BEA9E90}.Release|Any CPU.Build.0 = Release|Any CPU
		{040C26AC-34DE-4E67-BADC-ADA5BF5B5D01}.Debug|Any CPU.ActiveCfg = Debug|Any CPU
		{040C26AC-34DE-4E67-BADC-ADA5BF5B5D01}.Debug|Any CPU.Build.0 = Debug|Any CPU
		{040C26AC-34DE-4E67-BADC-ADA5BF5B5D01}.Release|Any CPU.ActiveCfg = Release|Any CPU
		{040C26AC-34DE-4E67-BADC-ADA5BF5B5D01}.Release|Any CPU.Build.0 = Release|Any CPU
		{2BFB4F30-B678-45C1-A2D2-4E785FA696F5}.Debug|Any CPU.ActiveCfg = Debug|Any CPU
		{2BFB4F30-B678-45C1-A2D2-4E785FA696F5}.Debug|Any CPU.Build.0 = Debug|Any CPU
		{2BFB4F30-B678-45C1-A2D2-4E785FA696F5}.Release|Any CPU.ActiveCfg = Release|Any CPU
		{2BFB4F30-B678-45C1-A2D2-4E785FA696F5}.Release|Any CPU.Build.0 = Release|Any CPU
		{A0CC71FE-3DB7-4446-A127-3F9E149CC1FF}.Debug|Any CPU.ActiveCfg = Debug|Any CPU
		{A0CC71FE-3DB7-4446-A127-3F9E149CC1FF}.Debug|Any CPU.Build.0 = Debug|Any CPU
		{A0CC71FE-3DB7-4446-A127-3F9E149CC1FF}.Release|Any CPU.ActiveCfg = Release|Any CPU
		{A0CC71FE-3DB7-4446-A127-3F9E149CC1FF}.Release|Any CPU.Build.0 = Release|Any CPU
		{A6E6CCB7-A2CD-4194-860C-68C1D5EEC63E}.Debug|Any CPU.ActiveCfg = Debug|Any CPU
		{A6E6CCB7-A2CD-4194-860C-68C1D5EEC63E}.Debug|Any CPU.Build.0 = Debug|Any CPU
		{A6E6CCB7-A2CD-4194-860C-68C1D5EEC63E}.Release|Any CPU.ActiveCfg = Release|Any CPU
		{A6E6CCB7-A2CD-4194-860C-68C1D5EEC63E}.Release|Any CPU.Build.0 = Release|Any CPU
		{242348C6-151D-47C8-9C25-655AF460E61C}.Debug|Any CPU.ActiveCfg = Debug|Any CPU
		{242348C6-151D-47C8-9C25-655AF460E61C}.Debug|Any CPU.Build.0 = Debug|Any CPU
		{242348C6-151D-47C8-9C25-655AF460E61C}.Release|Any CPU.ActiveCfg = Release|Any CPU
		{242348C6-151D-47C8-9C25-655AF460E61C}.Release|Any CPU.Build.0 = Release|Any CPU
		{1F9A370C-3F10-46B5-BB88-3625D5A893DB}.Debug|Any CPU.ActiveCfg = Debug|Any CPU
		{1F9A370C-3F10-46B5-BB88-3625D5A893DB}.Debug|Any CPU.Build.0 = Debug|Any CPU
		{1F9A370C-3F10-46B5-BB88-3625D5A893DB}.Release|Any CPU.ActiveCfg = Release|Any CPU
		{1F9A370C-3F10-46B5-BB88-3625D5A893DB}.Release|Any CPU.Build.0 = Release|Any CPU
		{9EB88C6C-C5BB-4E3E-8324-0354D42A61E6}.Debug|Any CPU.ActiveCfg = Debug|Any CPU
		{9EB88C6C-C5BB-4E3E-8324-0354D42A61E6}.Debug|Any CPU.Build.0 = Debug|Any CPU
		{9EB88C6C-C5BB-4E3E-8324-0354D42A61E6}.Release|Any CPU.ActiveCfg = Release|Any CPU
		{9EB88C6C-C5BB-4E3E-8324-0354D42A61E6}.Release|Any CPU.Build.0 = Release|Any CPU
		{39EA96AB-B085-4F63-961B-7763BD4919D7}.Debug|Any CPU.ActiveCfg = Debug|Any CPU
		{39EA96AB-B085-4F63-961B-7763BD4919D7}.Debug|Any CPU.Build.0 = Debug|Any CPU
		{39EA96AB-B085-4F63-961B-7763BD4919D7}.Release|Any CPU.ActiveCfg = Release|Any CPU
		{39EA96AB-B085-4F63-961B-7763BD4919D7}.Release|Any CPU.Build.0 = Release|Any CPU
		{FF11689E-5A78-4F0D-B545-66A17F92F775}.Debug|Any CPU.ActiveCfg = Debug|Any CPU
		{FF11689E-5A78-4F0D-B545-66A17F92F775}.Debug|Any CPU.Build.0 = Debug|Any CPU
		{FF11689E-5A78-4F0D-B545-66A17F92F775}.Release|Any CPU.ActiveCfg = Release|Any CPU
		{FF11689E-5A78-4F0D-B545-66A17F92F775}.Release|Any CPU.Build.0 = Release|Any CPU
		{EB8271E6-9DFC-410E-A1AF-8D68511D4601}.Debug|Any CPU.ActiveCfg = Debug|Any CPU
		{EB8271E6-9DFC-410E-A1AF-8D68511D4601}.Debug|Any CPU.Build.0 = Debug|Any CPU
		{EB8271E6-9DFC-410E-A1AF-8D68511D4601}.Release|Any CPU.ActiveCfg = Release|Any CPU
		{EB8271E6-9DFC-410E-A1AF-8D68511D4601}.Release|Any CPU.Build.0 = Release|Any CPU
		{CC4C9435-9159-46AB-8918-5BF1F6609B22}.Debug|Any CPU.ActiveCfg = Debug|Any CPU
		{CC4C9435-9159-46AB-8918-5BF1F6609B22}.Debug|Any CPU.Build.0 = Debug|Any CPU
		{CC4C9435-9159-46AB-8918-5BF1F6609B22}.Release|Any CPU.ActiveCfg = Release|Any CPU
		{CC4C9435-9159-46AB-8918-5BF1F6609B22}.Release|Any CPU.Build.0 = Release|Any CPU
	EndGlobalSection
	GlobalSection(SolutionProperties) = preSolution
		HideSolutionNode = FALSE
	EndGlobalSection
	GlobalSection(NestedProjects) = preSolution
		{CE24D56A-B0C4-4FFD-BF86-2D707BEA9E90} = {299F09D7-30F7-46B0-BA8A-B6A838AC6B2C}
		{040C26AC-34DE-4E67-BADC-ADA5BF5B5D01} = {299F09D7-30F7-46B0-BA8A-B6A838AC6B2C}
		{2BFB4F30-B678-45C1-A2D2-4E785FA696F5} = {299F09D7-30F7-46B0-BA8A-B6A838AC6B2C}
		{A0CC71FE-3DB7-4446-A127-3F9E149CC1FF} = {713CD707-5BFD-4A27-A2DD-CA1547F106B2}
		{A6E6CCB7-A2CD-4194-860C-68C1D5EEC63E} = {713CD707-5BFD-4A27-A2DD-CA1547F106B2}
		{242348C6-151D-47C8-9C25-655AF460E61C} = {713CD707-5BFD-4A27-A2DD-CA1547F106B2}
		{1F9A370C-3F10-46B5-BB88-3625D5A893DB} = {5A681815-DEF3-47E8-8EAA-0EE5F4F8A5E9}
		{9EB88C6C-C5BB-4E3E-8324-0354D42A61E6} = {5A681815-DEF3-47E8-8EAA-0EE5F4F8A5E9}
		{39EA96AB-B085-4F63-961B-7763BD4919D7} = {5A681815-DEF3-47E8-8EAA-0EE5F4F8A5E9}
		{FF11689E-5A78-4F0D-B545-66A17F92F775} = {06468269-D81B-47C0-B8D8-46BFFFF27D58}
		{EB8271E6-9DFC-410E-A1AF-8D68511D4601} = {06468269-D81B-47C0-B8D8-46BFFFF27D58}
		{CC4C9435-9159-46AB-8918-5BF1F6609B22} = {06468269-D81B-47C0-B8D8-46BFFFF27D58}
	EndGlobalSection
	GlobalSection(ExtensibilityGlobals) = postSolution
		SolutionGuid = {05E4B447-0CDB-4A23-971F-2476F7B919B3}
	EndGlobalSection
EndGlobal
